
Microsoft Visual Studio Solution File, Format Version 12.00
# Visual Studio 15
VisualStudioVersion = 15.0.28010.2003
MinimumVisualStudioVersion = 10.0.40219.1
Project("{FAE04EC0-301F-11D3-BF4B-00C04F79EFBC}") = "Interface", "Interface\Interface.csproj", "{DC8CEFDC-A013-4CC6-815E-D2D6368D6D56}"
EndProject
Project("{FAE04EC0-301F-11D3-BF4B-00C04F79EFBC}") = "CustomRandom1", "CustomRandom1\CustomRandom1.csproj", "{7D6D0F97-AF88-42C3-9F99-5C086631936F}"
EndProject
Project("{FAE04EC0-301F-11D3-BF4B-00C04F79EFBC}") = "CustomRandom2", "CustomRandom2\CustomRandom2.csproj", "{DD1579E5-5FC0-4F7C-888B-C61495B7AF72}"
EndProject
Global
	GlobalSection(SolutionConfigurationPlatforms) = preSolution
		Debug|Any CPU = Debug|Any CPU
		Release|Any CPU = Release|Any CPU
	EndGlobalSection
	GlobalSection(ProjectConfigurationPlatforms) = postSolution
		{DC8CEFDC-A013-4CC6-815E-D2D6368D6D56}.Debug|Any CPU.ActiveCfg = Debug|Any CPU
		{DC8CEFDC-A013-4CC6-815E-D2D6368D6D56}.Debug|Any CPU.Build.0 = Debug|Any CPU
		{DC8CEFDC-A013-4CC6-815E-D2D6368D6D56}.Release|Any CPU.ActiveCfg = Release|Any CPU
		{DC8CEFDC-A013-4CC6-815E-D2D6368D6D56}.Release|Any CPU.Build.0 = Release|Any CPU
		{7D6D0F97-AF88-42C3-9F99-5C086631936F}.Debug|Any CPU.ActiveCfg = Debug|Any CPU
		{7D6D0F97-AF88-42C3-9F99-5C086631936F}.Debug|Any CPU.Build.0 = Debug|Any CPU
		{7D6D0F97-AF88-42C3-9F99-5C086631936F}.Release|Any CPU.ActiveCfg = Release|Any CPU
		{7D6D0F97-AF88-42C3-9F99-5C086631936F}.Release|Any CPU.Build.0 = Release|Any CPU
		{DD1579E5-5FC0-4F7C-888B-C61495B7AF72}.Debug|Any CPU.ActiveCfg = Debug|Any CPU
		{DD1579E5-5FC0-4F7C-888B-C61495B7AF72}.Debug|Any CPU.Build.0 = Debug|Any CPU
		{DD1579E5-5FC0-4F7C-888B-C61495B7AF72}.Release|Any CPU.ActiveCfg = Release|Any CPU
		{DD1579E5-5FC0-4F7C-888B-C61495B7AF72}.Release|Any CPU.Build.0 = Release|Any CPU
	EndGlobalSection
	GlobalSection(SolutionProperties) = preSolution
		HideSolutionNode = FALSE
	EndGlobalSection
	GlobalSection(ExtensibilityGlobals) = postSolution
		SolutionGuid = {89BED6F5-6BCC-4636-83EF-B9907FE8D35D}
	EndGlobalSection
EndGlobal
